
Microsoft Visual Studio Solution File, Format Version 12.00
# Visual Studio Version 17
VisualStudioVersion = 17.0.31903.59
MinimumVisualStudioVersion = 10.0.40219.1
Project("{FAE04EC0-301F-11D3-BF4B-00C04F79EFBC}") = "Lab8", "Lab8\Lab8.csproj", "{7D255A3D-66F3-43ED-B0BC-20163217C476}"
EndProject
Project("{FAE04EC0-301F-11D3-BF4B-00C04F79EFBC}") = "HW8", "HW8\HW8.csproj", "{B02DAA00-3767-4883-B6EF-ECE656689447}"
EndProject
Global
	GlobalSection(SolutionConfigurationPlatforms) = preSolution
		Debug|Any CPU = Debug|Any CPU
		Release|Any CPU = Release|Any CPU
	EndGlobalSection
	GlobalSection(SolutionProperties) = preSolution
		HideSolutionNode = FALSE
	EndGlobalSection
	GlobalSection(ProjectConfigurationPlatforms) = postSolution
		{7D255A3D-66F3-43ED-B0BC-20163217C476}.Debug|Any CPU.ActiveCfg = Debug|Any CPU
		{7D255A3D-66F3-43ED-B0BC-20163217C476}.Debug|Any CPU.Build.0 = Debug|Any CPU
		{7D255A3D-66F3-43ED-B0BC-20163217C476}.Release|Any CPU.ActiveCfg = Release|Any CPU
		{7D255A3D-66F3-43ED-B0BC-20163217C476}.Release|Any CPU.Build.0 = Release|Any CPU
		{B02DAA00-3767-4883-B6EF-ECE656689447}.Debug|Any CPU.ActiveCfg = Debug|Any CPU
		{B02DAA00-3767-4883-B6EF-ECE656689447}.Debug|Any CPU.Build.0 = Debug|Any CPU
		{B02DAA00-3767-4883-B6EF-ECE656689447}.Release|Any CPU.ActiveCfg = Release|Any CPU
		{B02DAA00-3767-4883-B6EF-ECE656689447}.Release|Any CPU.Build.0 = Release|Any CPU
	EndGlobalSection
EndGlobal
